
Microsoft Visual Studio Solution File, Format Version 12.00
# Visual Studio 15
VisualStudioVersion = 15.0.26403.7
MinimumVisualStudioVersion = 10.0.40219.1
Project("{F2A71F9B-5D33-465A-A702-920D77279786}") = "Capstone.FSharp", "src\Capstone.FSharp\Capstone.FSharp.fsproj", "{8B18E4E0-376D-4AA8-86AC-4DED5A56305C}"
	ProjectSection(ProjectDependencies) = postProject
		{2171C0E8-4915-49B9-AC23-A484FA08C126} = {2171C0E8-4915-49B9-AC23-A484FA08C126}
	EndProjectSection
EndProject
Project("{2150E333-8FDC-42A3-9474-1A3956D46DE8}") = "Solution Items", "Solution Items", "{1067D28F-9823-42CA-8B98-1B4E1F025B2D}"
	ProjectSection(SolutionItems) = preProject
		.gitattributes = .gitattributes
		.gitignore = .gitignore
		.travis.yml = .travis.yml
		appveyor.yml = appveyor.yml
		build.fsx = build.fsx
		LICENSE.md = LICENSE.md
		paket.dependencies = paket.dependencies
		paket.lock = paket.lock
		README.md = README.md
		RELEASE_NOTES.md = RELEASE_NOTES.md
	EndProjectSection
EndProject
Project("{8BC9CEB8-8B4A-11D0-8D11-00A0C91BC942}") = "capstone_dll", "src\capstone_dll\capstone_dll.vcxproj", "{2171C0E8-4915-49B9-AC23-A484FA08C126}"
EndProject
Project("{FAE04EC0-301F-11D3-BF4B-00C04F79EFBC}") = "Capstone.FSharp.NativeInteropHelper", "src\Capstone.FSharp.NativeInteropHelper\Capstone.FSharp.NativeInteropHelper.csproj", "{662F0788-7A1E-4D75-86C2-3237CBAA2A2A}"
EndProject
Project("{F2A71F9B-5D33-465A-A702-920D77279786}") = "Capstone.FSharp.Tests", "tests\Capstone.FSharp.Tests\Capstone.FSharp.Tests.fsproj", "{3493B8DE-8DC7-4923-A2FC-6993CD84F76C}"
	ProjectSection(ProjectDependencies) = postProject
		{8B18E4E0-376D-4AA8-86AC-4DED5A56305C} = {8B18E4E0-376D-4AA8-86AC-4DED5A56305C}
	EndProjectSection
EndProject
Global
	GlobalSection(SolutionConfigurationPlatforms) = preSolution
		Debug|Any CPU = Debug|Any CPU
		Debug|x86 = Debug|x86
		Release|Any CPU = Release|Any CPU
		Release|x86 = Release|x86
	EndGlobalSection
	GlobalSection(ProjectConfigurationPlatforms) = postSolution
		{8B18E4E0-376D-4AA8-86AC-4DED5A56305C}.Debug|Any CPU.ActiveCfg = Debug|Any CPU
		{8B18E4E0-376D-4AA8-86AC-4DED5A56305C}.Debug|Any CPU.Build.0 = Debug|Any CPU
		{8B18E4E0-376D-4AA8-86AC-4DED5A56305C}.Debug|x86.ActiveCfg = Debug|Any CPU
		{8B18E4E0-376D-4AA8-86AC-4DED5A56305C}.Debug|x86.Build.0 = Debug|Any CPU
		{8B18E4E0-376D-4AA8-86AC-4DED5A56305C}.Release|Any CPU.ActiveCfg = Release|Any CPU
		{8B18E4E0-376D-4AA8-86AC-4DED5A56305C}.Release|Any CPU.Build.0 = Release|Any CPU
		{8B18E4E0-376D-4AA8-86AC-4DED5A56305C}.Release|x86.ActiveCfg = Release|Any CPU
		{8B18E4E0-376D-4AA8-86AC-4DED5A56305C}.Release|x86.Build.0 = Release|Any CPU
		{2171C0E8-4915-49B9-AC23-A484FA08C126}.Debug|Any CPU.ActiveCfg = Debug|Win32
		{2171C0E8-4915-49B9-AC23-A484FA08C126}.Debug|Any CPU.Build.0 = Debug|Win32
		{2171C0E8-4915-49B9-AC23-A484FA08C126}.Debug|x86.ActiveCfg = Debug|Win32
		{2171C0E8-4915-49B9-AC23-A484FA08C126}.Debug|x86.Build.0 = Debug|Win32
		{2171C0E8-4915-49B9-AC23-A484FA08C126}.Release|Any CPU.ActiveCfg = Release|Win32
		{2171C0E8-4915-49B9-AC23-A484FA08C126}.Release|Any CPU.Build.0 = Release|Win32
		{2171C0E8-4915-49B9-AC23-A484FA08C126}.Release|x86.ActiveCfg = Release|Win32
		{2171C0E8-4915-49B9-AC23-A484FA08C126}.Release|x86.Build.0 = Release|Win32
		{662F0788-7A1E-4D75-86C2-3237CBAA2A2A}.Debug|Any CPU.ActiveCfg = Debug|Any CPU
		{662F0788-7A1E-4D75-86C2-3237CBAA2A2A}.Debug|Any CPU.Build.0 = Debug|Any CPU
		{662F0788-7A1E-4D75-86C2-3237CBAA2A2A}.Debug|x86.ActiveCfg = Debug|Any CPU
		{662F0788-7A1E-4D75-86C2-3237CBAA2A2A}.Debug|x86.Build.0 = Debug|Any CPU
		{662F0788-7A1E-4D75-86C2-3237CBAA2A2A}.Release|Any CPU.ActiveCfg = Release|Any CPU
		{662F0788-7A1E-4D75-86C2-3237CBAA2A2A}.Release|Any CPU.Build.0 = Release|Any CPU
		{662F0788-7A1E-4D75-86C2-3237CBAA2A2A}.Release|x86.ActiveCfg = Release|Any CPU
		{662F0788-7A1E-4D75-86C2-3237CBAA2A2A}.Release|x86.Build.0 = Release|Any CPU
		{3493B8DE-8DC7-4923-A2FC-6993CD84F76C}.Debug|Any CPU.ActiveCfg = Debug|Any CPU
		{3493B8DE-8DC7-4923-A2FC-6993CD84F76C}.Debug|Any CPU.Build.0 = Debug|Any CPU
		{3493B8DE-8DC7-4923-A2FC-6993CD84F76C}.Debug|x86.ActiveCfg = Debug|Any CPU
		{3493B8DE-8DC7-4923-A2FC-6993CD84F76C}.Debug|x86.Build.0 = Debug|Any CPU
		{3493B8DE-8DC7-4923-A2FC-6993CD84F76C}.Release|Any CPU.ActiveCfg = Release|Any CPU
		{3493B8DE-8DC7-4923-A2FC-6993CD84F76C}.Release|Any CPU.Build.0 = Release|Any CPU
		{3493B8DE-8DC7-4923-A2FC-6993CD84F76C}.Release|x86.ActiveCfg = Release|Any CPU
		{3493B8DE-8DC7-4923-A2FC-6993CD84F76C}.Release|x86.Build.0 = Release|Any CPU
	EndGlobalSection
	GlobalSection(SolutionProperties) = preSolution
		HideSolutionNode = FALSE
	EndGlobalSection
EndGlobal
